
Microsoft Visual Studio Solution File, Format Version 12.00
# Visual Studio 15
VisualStudioVersion = 15.0.28307.168
MinimumVisualStudioVersion = 10.0.40219.1
Project("{8BC9CEB8-8B4A-11D0-8D11-00A0C91BC942}") = "Lab1_aa", "Lab1_aa\Lab1_aa.vcxproj", "{B4673FAF-AC10-4B51-8DEC-4DC38B431E4D}"
EndProject
Project("{8BC9CEB8-8B4A-11D0-8D11-00A0C91BC942}") = "TestLab1", "TestLab1\TestLab1.vcxproj", "{CCBD9BDC-C68E-4A66-ABA4-33763E5F1E60}"
EndProject
Global
	GlobalSection(SolutionConfigurationPlatforms) = preSolution
		Debug|x64 = Debug|x64
		Debug|x86 = Debug|x86
		Release|x64 = Release|x64
		Release|x86 = Release|x86
	EndGlobalSection
	GlobalSection(ProjectConfigurationPlatforms) = postSolution
		{B4673FAF-AC10-4B51-8DEC-4DC38B431E4D}.Debug|x64.ActiveCfg = Debug|x64
		{B4673FAF-AC10-4B51-8DEC-4DC38B431E4D}.Debug|x64.Build.0 = Debug|x64
		{B4673FAF-AC10-4B51-8DEC-4DC38B431E4D}.Debug|x86.ActiveCfg = Debug|Win32
		{B4673FAF-AC10-4B51-8DEC-4DC38B431E4D}.Debug|x86.Build.0 = Debug|Win32
		{B4673FAF-AC10-4B51-8DEC-4DC38B431E4D}.Release|x64.ActiveCfg = Release|x64
		{B4673FAF-AC10-4B51-8DEC-4DC38B431E4D}.Release|x64.Build.0 = Release|x64
		{B4673FAF-AC10-4B51-8DEC-4DC38B431E4D}.Release|x86.ActiveCfg = Release|Win32
		{B4673FAF-AC10-4B51-8DEC-4DC38B431E4D}.Release|x86.Build.0 = Release|Win32
		{CCBD9BDC-C68E-4A66-ABA4-33763E5F1E60}.Debug|x64.ActiveCfg = Debug|x64
		{CCBD9BDC-C68E-4A66-ABA4-33763E5F1E60}.Debug|x64.Build.0 = Debug|x64
		{CCBD9BDC-C68E-4A66-ABA4-33763E5F1E60}.Debug|x86.ActiveCfg = Debug|Win32
		{CCBD9BDC-C68E-4A66-ABA4-33763E5F1E60}.Debug|x86.Build.0 = Debug|Win32
		{CCBD9BDC-C68E-4A66-ABA4-33763E5F1E60}.Release|x64.ActiveCfg = Release|x64
		{CCBD9BDC-C68E-4A66-ABA4-33763E5F1E60}.Release|x64.Build.0 = Release|x64
		{CCBD9BDC-C68E-4A66-ABA4-33763E5F1E60}.Release|x86.ActiveCfg = Release|Win32
		{CCBD9BDC-C68E-4A66-ABA4-33763E5F1E60}.Release|x86.Build.0 = Release|Win32
	EndGlobalSection
	GlobalSection(SolutionProperties) = preSolution
		HideSolutionNode = FALSE
	EndGlobalSection
	GlobalSection(ExtensibilityGlobals) = postSolution
		SolutionGuid = {D3426BDB-ACD7-47AE-A0EB-5D4EE8625BF7}
	EndGlobalSection
EndGlobal
